
Microsoft Visual Studio Solution File, Format Version 12.00
# Visual Studio Version 17
VisualStudioVersion = 17.7.34031.279
MinimumVisualStudioVersion = 10.0.40219.1
Project("{FAE04EC0-301F-11D3-BF4B-00C04F79EFBC}") = "AuthenticationApi", "AuthenticationApi\AuthenticationApi.csproj", "{125ED0C9-C9F6-4A09-9F31-FC03ACC1014E}"
EndProject
Global
	GlobalSection(SolutionConfigurationPlatforms) = preSolution
		Debug|Any CPU = Debug|Any CPU
		Release|Any CPU = Release|Any CPU
	EndGlobalSection
	GlobalSection(ProjectConfigurationPlatforms) = postSolution
		{125ED0C9-C9F6-4A09-9F31-FC03ACC1014E}.Debug|Any CPU.ActiveCfg = Debug|Any CPU
		{125ED0C9-C9F6-4A09-9F31-FC03ACC1014E}.Debug|Any CPU.Build.0 = Debug|Any CPU
		{125ED0C9-C9F6-4A09-9F31-FC03ACC1014E}.Release|Any CPU.ActiveCfg = Release|Any CPU
		{125ED0C9-C9F6-4A09-9F31-FC03ACC1014E}.Release|Any CPU.Build.0 = Release|Any CPU
	EndGlobalSection
	GlobalSection(SolutionProperties) = preSolution
		HideSolutionNode = FALSE
	EndGlobalSection
	GlobalSection(ExtensibilityGlobals) = postSolution
		SolutionGuid = {1D81FC49-9D0D-4C91-9379-D2BEB9522E49}
	EndGlobalSection
EndGlobal
